{
  "name": "laravel-js-helpers",
  "version": "1.0.0",
  "lockfileVersion": 1,
  "requires": true,
  "dependencies": {
    "collect.js": {
      "version": "4.25.0",
      "resolved": "https://registry.npmjs.org/collect.js/-/collect.js-4.25.0.tgz",
      "integrity": "sha512-Wk+cWM9iQouzCe2RulakcE6BKweADOHYcz3pVcO2e6jRPfTuZWiLmAjJ2+lI3K9ldFyp77GZVheKjaGnoTAofw==",
      "dev": true
    }
  }
}
